
Microsoft Visual Studio Solution File, Format Version 12.00
# Visual Studio 2012
Project("{FAE04EC0-301F-11D3-BF4B-00C04F79EFBC}") = "UrbanRivalsApiManager", "UrbanRivalsApiManager\UrbanRivalsApiManager.csproj", "{D754690A-47BE-4FC4-AF01-0931A986C1D4}"
EndProject
Project("{FAE04EC0-301F-11D3-BF4B-00C04F79EFBC}") = "UrbanRivalsApiManagerTest", "UrbanRivalsApiManagerTest\UrbanRivalsApiManagerTest.csproj", "{EA37E27E-2A88-44FD-8E76-3F4A8D0C8A41}"
EndProject
Global
	GlobalSection(SolutionConfigurationPlatforms) = preSolution
		Debug|Any CPU = Debug|Any CPU
		Release|Any CPU = Release|Any CPU
	EndGlobalSection
	GlobalSection(ProjectConfigurationPlatforms) = postSolution
		{D754690A-47BE-4FC4-AF01-0931A986C1D4}.Debug|Any CPU.ActiveCfg = Debug|Any CPU
		{D754690A-47BE-4FC4-AF01-0931A986C1D4}.Debug|Any CPU.Build.0 = Debug|Any CPU
		{D754690A-47BE-4FC4-AF01-0931A986C1D4}.Release|Any CPU.ActiveCfg = Release|Any CPU
		{D754690A-47BE-4FC4-AF01-0931A986C1D4}.Release|Any CPU.Build.0 = Release|Any CPU
		{EA37E27E-2A88-44FD-8E76-3F4A8D0C8A41}.Debug|Any CPU.ActiveCfg = Debug|Any CPU
		{EA37E27E-2A88-44FD-8E76-3F4A8D0C8A41}.Debug|Any CPU.Build.0 = Debug|Any CPU
		{EA37E27E-2A88-44FD-8E76-3F4A8D0C8A41}.Release|Any CPU.ActiveCfg = Release|Any CPU
		{EA37E27E-2A88-44FD-8E76-3F4A8D0C8A41}.Release|Any CPU.Build.0 = Release|Any CPU
	EndGlobalSection
	GlobalSection(SolutionProperties) = preSolution
		HideSolutionNode = FALSE
	EndGlobalSection
EndGlobal
